
Microsoft Visual Studio Solution File, Format Version 12.00
# Visual Studio Version 17
VisualStudioVersion = 17.6.33723.286
MinimumVisualStudioVersion = 10.0.40219.1
Project("{2150E333-8FDC-42A3-9474-1A3956D46DE8}") = "0-Core", "0-Core", "{058FC1CA-66AC-48F9-AA67-4A1CD20EC5C5}"
EndProject
Project("{2150E333-8FDC-42A3-9474-1A3956D46DE8}") = "1-Application", "1-Application", "{4302E760-06D4-46C5-ACF3-8EAAAD2C57C9}"
EndProject
Project("{2150E333-8FDC-42A3-9474-1A3956D46DE8}") = "2-Infrastructure", "2-Infrastructure", "{FDA3EF69-5641-44DA-AA3C-61B178786D2A}"
EndProject
Project("{2150E333-8FDC-42A3-9474-1A3956D46DE8}") = "3-Presentation", "3-Presentation", "{555FD3DE-3730-4715-AB15-AAAF69E8E5F0}"
EndProject
Project("{9A19103F-16F7-4668-BE54-9A1E7A4F7556}") = "1CService.Domain", "1CService.Domain\1CService.Domain.csproj", "{16E514A4-2C76-46F4-BF70-F812F15081D0}"
EndProject
Project("{FAE04EC0-301F-11D3-BF4B-00C04F79EFBC}") = "1CService.Application", "1CService.Application\1CService.Application.csproj", "{3F4AF3AC-2FE7-40FC-AD4D-2B3CF39E31E8}"
EndProject
Global
	GlobalSection(SolutionConfigurationPlatforms) = preSolution
		Debug|Any CPU = Debug|Any CPU
		Release|Any CPU = Release|Any CPU
	EndGlobalSection
	GlobalSection(ProjectConfigurationPlatforms) = postSolution
		{16E514A4-2C76-46F4-BF70-F812F15081D0}.Debug|Any CPU.ActiveCfg = Debug|Any CPU
		{16E514A4-2C76-46F4-BF70-F812F15081D0}.Debug|Any CPU.Build.0 = Debug|Any CPU
		{16E514A4-2C76-46F4-BF70-F812F15081D0}.Release|Any CPU.ActiveCfg = Release|Any CPU
		{16E514A4-2C76-46F4-BF70-F812F15081D0}.Release|Any CPU.Build.0 = Release|Any CPU
		{3F4AF3AC-2FE7-40FC-AD4D-2B3CF39E31E8}.Debug|Any CPU.ActiveCfg = Debug|Any CPU
		{3F4AF3AC-2FE7-40FC-AD4D-2B3CF39E31E8}.Debug|Any CPU.Build.0 = Debug|Any CPU
		{3F4AF3AC-2FE7-40FC-AD4D-2B3CF39E31E8}.Release|Any CPU.ActiveCfg = Release|Any CPU
		{3F4AF3AC-2FE7-40FC-AD4D-2B3CF39E31E8}.Release|Any CPU.Build.0 = Release|Any CPU
	EndGlobalSection
	GlobalSection(SolutionProperties) = preSolution
		HideSolutionNode = FALSE
	EndGlobalSection
	GlobalSection(NestedProjects) = preSolution
		{16E514A4-2C76-46F4-BF70-F812F15081D0} = {058FC1CA-66AC-48F9-AA67-4A1CD20EC5C5}
		{3F4AF3AC-2FE7-40FC-AD4D-2B3CF39E31E8} = {4302E760-06D4-46C5-ACF3-8EAAAD2C57C9}
	EndGlobalSection
	GlobalSection(ExtensibilityGlobals) = postSolution
		SolutionGuid = {0E079EB2-646C-4C44-A0F0-838D376DC7AD}
	EndGlobalSection
EndGlobal
